
Microsoft Visual Studio Solution File, Format Version 12.00
Project("{2150E333-8FDC-42A3-9474-1A3956D46DE8}") = "samples", "samples", "{A1B2C3D4-E5F6-7890-ABCD-EF1234567890}"
EndProject
Project("{FAE04EC0-301F-11D3-BF4B-00C04F79EFBC}") = "KafkaStorm", "KafkaStorm\KafkaStorm.csproj", "{51AAD4F0-4C9E-4E15-9B84-8B86B5E47CEC}"
EndProject
Project("{FAE04EC0-301F-11D3-BF4B-00C04F79EFBC}") = "KafkaStorm.Test", "KafkaStorm.Test\KafkaStorm.Test.csproj", "{FA0DC5D4-9ABE-4193-A26D-6A0F04EF06D0}"
EndProject
Project("{FAE04EC0-301F-11D3-BF4B-00C04F79EFBC}") = "BasicWebApi", "samples\BasicWebApi\BasicWebApi.csproj", "{B2C3D4E5-F6A7-8901-BCDE-F12345678901}"
EndProject
Global
	GlobalSection(SolutionConfigurationPlatforms) = preSolution
		Debug|Any CPU = Debug|Any CPU
		Release|Any CPU = Release|Any CPU
	EndGlobalSection
	GlobalSection(ProjectConfigurationPlatforms) = postSolution
		{51AAD4F0-4C9E-4E15-9B84-8B86B5E47CEC}.Debug|Any CPU.ActiveCfg = Debug|Any CPU
		{51AAD4F0-4C9E-4E15-9B84-8B86B5E47CEC}.Debug|Any CPU.Build.0 = Debug|Any CPU
		{51AAD4F0-4C9E-4E15-9B84-8B86B5E47CEC}.Release|Any CPU.ActiveCfg = Release|Any CPU
		{51AAD4F0-4C9E-4E15-9B84-8B86B5E47CEC}.Release|Any CPU.Build.0 = Release|Any CPU
		{FA0DC5D4-9ABE-4193-A26D-6A0F04EF06D0}.Debug|Any CPU.ActiveCfg = Debug|Any CPU
		{FA0DC5D4-9ABE-4193-A26D-6A0F04EF06D0}.Debug|Any CPU.Build.0 = Debug|Any CPU
		{FA0DC5D4-9ABE-4193-A26D-6A0F04EF06D0}.Release|Any CPU.ActiveCfg = Release|Any CPU
		{FA0DC5D4-9ABE-4193-A26D-6A0F04EF06D0}.Release|Any CPU.Build.0 = Release|Any CPU
		{B2C3D4E5-F6A7-8901-BCDE-F12345678901}.Debug|Any CPU.ActiveCfg = Debug|Any CPU
		{B2C3D4E5-F6A7-8901-BCDE-F12345678901}.Debug|Any CPU.Build.0 = Debug|Any CPU
		{B2C3D4E5-F6A7-8901-BCDE-F12345678901}.Release|Any CPU.ActiveCfg = Release|Any CPU
		{B2C3D4E5-F6A7-8901-BCDE-F12345678901}.Release|Any CPU.Build.0 = Release|Any CPU
	EndGlobalSection
	GlobalSection(NestedProjects) = preSolution
		{B2C3D4E5-F6A7-8901-BCDE-F12345678901} = {A1B2C3D4-E5F6-7890-ABCD-EF1234567890}
	EndGlobalSection
EndGlobal
